
Microsoft Visual Studio Solution File, Format Version 12.00
# Visual Studio Version 17
VisualStudioVersion = 17.10.34928.147
MinimumVisualStudioVersion = 10.0.40219.1
Project("{9A19103F-16F7-4668-BE54-9A1E7A4F7556}") = "LabsPhi301", "LabsPhi301\LabsPhi301.csproj", "{22131B1B-1289-41DF-882F-A2E16A63BE9E}"
EndProject
Project("{9A19103F-16F7-4668-BE54-9A1E7A4F7556}") = "LabsPhi302", "LabsPhi302\LabsPhi302.csproj", "{1373D0EA-81B1-43BE-A8CA-0DD7A162FC3F}"
EndProject
Project("{9A19103F-16F7-4668-BE54-9A1E7A4F7556}") = "LabsPhi303", "LabsPhi303\LabsPhi303.csproj", "{1254AB34-B99A-4E4C-BD95-18BB22BF478E}"
EndProject
Project("{FAE04EC0-301F-11D3-BF4B-00C04F79EFBC}") = "LabsPhi304", "LabsPhi304\LabsPhi304.csproj", "{4EB2FBF6-75D3-4B10-B5B5-675469C24780}"
EndProject
Project("{2150E333-8FDC-42A3-9474-1A3956D46DE8}") = "Phi3", "Phi3", "{02EA681E-C7D8-13C7-8484-4AC65E1B71E8}"
EndProject
Project("{2150E333-8FDC-42A3-9474-1A3956D46DE8}") = "Phi4", "Phi4", "{9DF367B9-E0EA-4ABB-A144-5E13A9508A69}"
EndProject
Project("{FAE04EC0-301F-11D3-BF4B-00C04F79EFBC}") = "LabsPhi4-Chat-01OnnxRuntime", "LabsPhi4-Chat-01OnnxRuntime\LabsPhi4-Chat-01OnnxRuntime.csproj", "{C6986362-DDF7-6EF2-75EE-B042B4F4B4D2}"
EndProject
Project("{FAE04EC0-301F-11D3-BF4B-00C04F79EFBC}") = "LabsPhi4-Chat-02SK", "LabsPhi4-Chat-02SK\LabsPhi4-Chat-02SK.csproj", "{66045465-B4A8-D929-3D15-926FD376FE2E}"
EndProject
Project("{FAE04EC0-301F-11D3-BF4B-00C04F79EFBC}") = "LabsPhi4-MultiModal-01Images", "LabsPhi4-MultiModal-01Images\LabsPhi4-MultiModal-01Images.csproj", "{97AB7A04-3E81-BA32-0591-E6041F3A7F15}"
EndProject
Project("{FAE04EC0-301F-11D3-BF4B-00C04F79EFBC}") = "LabsPhi4-MultiModal-02Audio", "LabsPhi4-MultiModal-02Audio\LabsPhi4-MultiModal-02Audio.csproj", "{7A19FB9A-AA95-4276-9A65-74CA7FD74B56}"
EndProject
Project("{FAE04EC0-301F-11D3-BF4B-00C04F79EFBC}") = "LabsPhi4-Chat-03GenAIChatClient", "LabsPhi4-Chat-03GenAIChatClient\LabsPhi4-Chat-03GenAIChatClient.csproj", "{1BF4E4C4-6A7E-497D-9AB0-5819D2EEA857}"
EndProject
Global
	GlobalSection(SolutionConfigurationPlatforms) = preSolution
		Debug_Cuda|Any CPU = Debug_Cuda|Any CPU
		Debug|Any CPU = Debug|Any CPU
		Release|Any CPU = Release|Any CPU
	EndGlobalSection
	GlobalSection(ProjectConfigurationPlatforms) = postSolution
		{22131B1B-1289-41DF-882F-A2E16A63BE9E}.Debug_Cuda|Any CPU.ActiveCfg = Debug|Any CPU
		{22131B1B-1289-41DF-882F-A2E16A63BE9E}.Debug_Cuda|Any CPU.Build.0 = Debug|Any CPU
		{22131B1B-1289-41DF-882F-A2E16A63BE9E}.Debug|Any CPU.ActiveCfg = Debug|Any CPU
		{22131B1B-1289-41DF-882F-A2E16A63BE9E}.Debug|Any CPU.Build.0 = Debug|Any CPU
		{22131B1B-1289-41DF-882F-A2E16A63BE9E}.Release|Any CPU.ActiveCfg = Release|Any CPU
		{22131B1B-1289-41DF-882F-A2E16A63BE9E}.Release|Any CPU.Build.0 = Release|Any CPU
		{1373D0EA-81B1-43BE-A8CA-0DD7A162FC3F}.Debug_Cuda|Any CPU.ActiveCfg = Debug|Any CPU
		{1373D0EA-81B1-43BE-A8CA-0DD7A162FC3F}.Debug_Cuda|Any CPU.Build.0 = Debug|Any CPU
		{1373D0EA-81B1-43BE-A8CA-0DD7A162FC3F}.Debug|Any CPU.ActiveCfg = Debug|Any CPU
		{1373D0EA-81B1-43BE-A8CA-0DD7A162FC3F}.Debug|Any CPU.Build.0 = Debug|Any CPU
		{1373D0EA-81B1-43BE-A8CA-0DD7A162FC3F}.Release|Any CPU.ActiveCfg = Release|Any CPU
		{1373D0EA-81B1-43BE-A8CA-0DD7A162FC3F}.Release|Any CPU.Build.0 = Release|Any CPU
		{1254AB34-B99A-4E4C-BD95-18BB22BF478E}.Debug_Cuda|Any CPU.ActiveCfg = Debug|Any CPU
		{1254AB34-B99A-4E4C-BD95-18BB22BF478E}.Debug_Cuda|Any CPU.Build.0 = Debug|Any CPU
		{1254AB34-B99A-4E4C-BD95-18BB22BF478E}.Debug|Any CPU.ActiveCfg = Debug|Any CPU
		{1254AB34-B99A-4E4C-BD95-18BB22BF478E}.Debug|Any CPU.Build.0 = Debug|Any CPU
		{1254AB34-B99A-4E4C-BD95-18BB22BF478E}.Release|Any CPU.ActiveCfg = Release|Any CPU
		{1254AB34-B99A-4E4C-BD95-18BB22BF478E}.Release|Any CPU.Build.0 = Release|Any CPU
		{4EB2FBF6-75D3-4B10-B5B5-675469C24780}.Debug_Cuda|Any CPU.ActiveCfg = Debug|Any CPU
		{4EB2FBF6-75D3-4B10-B5B5-675469C24780}.Debug_Cuda|Any CPU.Build.0 = Debug|Any CPU
		{4EB2FBF6-75D3-4B10-B5B5-675469C24780}.Debug|Any CPU.ActiveCfg = Debug|Any CPU
		{4EB2FBF6-75D3-4B10-B5B5-675469C24780}.Debug|Any CPU.Build.0 = Debug|Any CPU
		{4EB2FBF6-75D3-4B10-B5B5-675469C24780}.Release|Any CPU.ActiveCfg = Release|Any CPU
		{4EB2FBF6-75D3-4B10-B5B5-675469C24780}.Release|Any CPU.Build.0 = Release|Any CPU
		{C6986362-DDF7-6EF2-75EE-B042B4F4B4D2}.Debug_Cuda|Any CPU.ActiveCfg = Debug|Any CPU
		{C6986362-DDF7-6EF2-75EE-B042B4F4B4D2}.Debug_Cuda|Any CPU.Build.0 = Debug|Any CPU
		{C6986362-DDF7-6EF2-75EE-B042B4F4B4D2}.Debug|Any CPU.ActiveCfg = Debug|Any CPU
		{C6986362-DDF7-6EF2-75EE-B042B4F4B4D2}.Debug|Any CPU.Build.0 = Debug|Any CPU
		{C6986362-DDF7-6EF2-75EE-B042B4F4B4D2}.Release|Any CPU.ActiveCfg = Release|Any CPU
		{C6986362-DDF7-6EF2-75EE-B042B4F4B4D2}.Release|Any CPU.Build.0 = Release|Any CPU
		{66045465-B4A8-D929-3D15-926FD376FE2E}.Debug_Cuda|Any CPU.ActiveCfg = Debug|Any CPU
		{66045465-B4A8-D929-3D15-926FD376FE2E}.Debug_Cuda|Any CPU.Build.0 = Debug|Any CPU
		{66045465-B4A8-D929-3D15-926FD376FE2E}.Debug|Any CPU.ActiveCfg = Debug|Any CPU
		{66045465-B4A8-D929-3D15-926FD376FE2E}.Debug|Any CPU.Build.0 = Debug|Any CPU
		{66045465-B4A8-D929-3D15-926FD376FE2E}.Release|Any CPU.ActiveCfg = Release|Any CPU
		{66045465-B4A8-D929-3D15-926FD376FE2E}.Release|Any CPU.Build.0 = Release|Any CPU
		{97AB7A04-3E81-BA32-0591-E6041F3A7F15}.Debug_Cuda|Any CPU.ActiveCfg = Debug|Any CPU
		{97AB7A04-3E81-BA32-0591-E6041F3A7F15}.Debug_Cuda|Any CPU.Build.0 = Debug|Any CPU
		{97AB7A04-3E81-BA32-0591-E6041F3A7F15}.Debug|Any CPU.ActiveCfg = Debug|Any CPU
		{97AB7A04-3E81-BA32-0591-E6041F3A7F15}.Debug|Any CPU.Build.0 = Debug|Any CPU
		{97AB7A04-3E81-BA32-0591-E6041F3A7F15}.Release|Any CPU.ActiveCfg = Release|Any CPU
		{97AB7A04-3E81-BA32-0591-E6041F3A7F15}.Release|Any CPU.Build.0 = Release|Any CPU
		{7A19FB9A-AA95-4276-9A65-74CA7FD74B56}.Debug_Cuda|Any CPU.ActiveCfg = Debug_Cuda|Any CPU
		{7A19FB9A-AA95-4276-9A65-74CA7FD74B56}.Debug_Cuda|Any CPU.Build.0 = Debug_Cuda|Any CPU
		{7A19FB9A-AA95-4276-9A65-74CA7FD74B56}.Debug|Any CPU.ActiveCfg = Debug|Any CPU
		{7A19FB9A-AA95-4276-9A65-74CA7FD74B56}.Debug|Any CPU.Build.0 = Debug|Any CPU
		{7A19FB9A-AA95-4276-9A65-74CA7FD74B56}.Release|Any CPU.ActiveCfg = Release|Any CPU
		{7A19FB9A-AA95-4276-9A65-74CA7FD74B56}.Release|Any CPU.Build.0 = Release|Any CPU
		{1BF4E4C4-6A7E-497D-9AB0-5819D2EEA857}.Debug_Cuda|Any CPU.ActiveCfg = Debug|Any CPU
		{1BF4E4C4-6A7E-497D-9AB0-5819D2EEA857}.Debug_Cuda|Any CPU.Build.0 = Debug|Any CPU
		{1BF4E4C4-6A7E-497D-9AB0-5819D2EEA857}.Debug|Any CPU.ActiveCfg = Debug|Any CPU
		{1BF4E4C4-6A7E-497D-9AB0-5819D2EEA857}.Debug|Any CPU.Build.0 = Debug|Any CPU
		{1BF4E4C4-6A7E-497D-9AB0-5819D2EEA857}.Release|Any CPU.ActiveCfg = Release|Any CPU
		{1BF4E4C4-6A7E-497D-9AB0-5819D2EEA857}.Release|Any CPU.Build.0 = Release|Any CPU
	EndGlobalSection
	GlobalSection(SolutionProperties) = preSolution
		HideSolutionNode = FALSE
	EndGlobalSection
	GlobalSection(NestedProjects) = preSolution
		{22131B1B-1289-41DF-882F-A2E16A63BE9E} = {02EA681E-C7D8-13C7-8484-4AC65E1B71E8}
		{1373D0EA-81B1-43BE-A8CA-0DD7A162FC3F} = {02EA681E-C7D8-13C7-8484-4AC65E1B71E8}
		{1254AB34-B99A-4E4C-BD95-18BB22BF478E} = {02EA681E-C7D8-13C7-8484-4AC65E1B71E8}
		{4EB2FBF6-75D3-4B10-B5B5-675469C24780} = {02EA681E-C7D8-13C7-8484-4AC65E1B71E8}
		{C6986362-DDF7-6EF2-75EE-B042B4F4B4D2} = {9DF367B9-E0EA-4ABB-A144-5E13A9508A69}
		{66045465-B4A8-D929-3D15-926FD376FE2E} = {9DF367B9-E0EA-4ABB-A144-5E13A9508A69}
		{97AB7A04-3E81-BA32-0591-E6041F3A7F15} = {9DF367B9-E0EA-4ABB-A144-5E13A9508A69}
		{7A19FB9A-AA95-4276-9A65-74CA7FD74B56} = {9DF367B9-E0EA-4ABB-A144-5E13A9508A69}
		{1BF4E4C4-6A7E-497D-9AB0-5819D2EEA857} = {9DF367B9-E0EA-4ABB-A144-5E13A9508A69}
	EndGlobalSection
	GlobalSection(ExtensibilityGlobals) = postSolution
		SolutionGuid = {EAA25EC1-C5F2-40DC-8080-4DAF13311AEE}
	EndGlobalSection
EndGlobal
